
Microsoft Visual Studio Solution File, Format Version 12.00
# Visual Studio Version 16
VisualStudioVersion = 16.0.30717.126
MinimumVisualStudioVersion = 10.0.40219.1
Project("{FAE04EC0-301F-11D3-BF4B-00C04F79EFBC}") = "AspNetCoreHero.ToastNotification", "AspNetCoreHero.ToastNotification\AspNetCoreHero.ToastNotification.csproj", "{89D9C067-5D3F-4191-81A9-21DE743A8663}"
EndProject
Global
	GlobalSection(SolutionConfigurationPlatforms) = preSolution
		Debug|Any CPU = Debug|Any CPU
		Release|Any CPU = Release|Any CPU
	EndGlobalSection
	GlobalSection(ProjectConfigurationPlatforms) = postSolution
		{89D9C067-5D3F-4191-81A9-21DE743A8663}.Debug|Any CPU.ActiveCfg = Debug|Any CPU
		{89D9C067-5D3F-4191-81A9-21DE743A8663}.Debug|Any CPU.Build.0 = Debug|Any CPU
		{89D9C067-5D3F-4191-81A9-21DE743A8663}.Release|Any CPU.ActiveCfg = Release|Any CPU
		{89D9C067-5D3F-4191-81A9-21DE743A8663}.Release|Any CPU.Build.0 = Release|Any CPU
	EndGlobalSection
	GlobalSection(SolutionProperties) = preSolution
		HideSolutionNode = FALSE
	EndGlobalSection
	GlobalSection(ExtensibilityGlobals) = postSolution
		SolutionGuid = {225B9716-D0A5-4BB9-9211-679612FC80B8}
	EndGlobalSection
EndGlobal
